schema: '2.0'
stages:
  data_ingestion:
    cmd: python src/cnnClassifier/pipeline/stage_01_data_ingestion.py
    deps:
    - path: config/config.yaml
      hash: md5
      md5: 63b9b7d6686eb8bf46aeb383a8f75aa7
      size: 812
    - path: src/cnnClassifier/pipeline/stage_01_data_ingestion.py
      hash: md5
      md5: 3e9e5353d000f81f3a74eed6e3e3e01c
      size: 920
    outs:
    - path: artifacts/data_ingestion/Chicken-fecal-images
      hash: md5
      md5: 9e1f8dd2eae3c29e9d635df89d438ae4.dir
      size: 12207807
      nfiles: 390
  prepare_base_model:
    cmd: python src/cnnClassifier/pipeline/stage_02_base_model.py
    deps:
    - path: config/config.yaml
      hash: md5
      md5: 63b9b7d6686eb8bf46aeb383a8f75aa7
      size: 812
    - path: src/cnnClassifier/pipeline/stage_02_base_model.py
      hash: md5
      md5: eb07ff640271a2b54787245f521db208
      size: 989
    params:
      params.yaml:
        CLASSES: 2
        IMAGE_SIZE:
        - 224
        - 224
        - 3
        INCLUDE_TOP: false
        LEARNING_RATE: 0.01
        WEIGHTS: imagenet
    outs:
    - path: artifacts/prepare_base_model
      hash: md5
      md5: 6070fad268c1cc6b97d8f9f14f44c073.dir
      size: 118073512
      nfiles: 2
  training:
    cmd: python src/cnnClassifier/pipeline/stage_03_training.py
    deps:
    - path: artifacts/data_ingestion/Chicken-fecal-images
      hash: md5
      md5: 9e1f8dd2eae3c29e9d635df89d438ae4.dir
      size: 12207807
      nfiles: 390
    - path: artifacts/prepare_base_model
      hash: md5
      md5: 6070fad268c1cc6b97d8f9f14f44c073.dir
      size: 118073512
      nfiles: 2
    - path: config/config.yaml
      hash: md5
      md5: 63b9b7d6686eb8bf46aeb383a8f75aa7
      size: 812
    - path: src/cnnClassifier/components/prepare_call_backs.py
      hash: md5
      md5: dbb3f4f19b433091ea05574a5aea3e76
      size: 1368
    - path: src/cnnClassifier/pipeline/stage_03_training.py
      hash: md5
      md5: 6b5f7dcff41885d42a4e501a7c8299bb
      size: 1391
    params:
      params.yaml:
        AUGMENTATION: true
        BATCH_SIZE: 16
        EPOCHS: 1
        IMAGE_SIZE:
        - 224
        - 224
        - 3
    outs:
    - path: artifacts/training/model.h5
      hash: md5
      md5: dc32eb7cd966297db4e0c7d0c74fba79
      size: 59551240
  evaluation:
    cmd: python src/cnnClassifier/pipeline/stage_04_evaluation.py
    deps:
    - path: artifacts/data_ingestion/Chicken-fecal-images
      hash: md5
      md5: 9e1f8dd2eae3c29e9d635df89d438ae4.dir
      size: 12207807
      nfiles: 390
    - path: artifacts/training/model.h5
      hash: md5
      md5: dc32eb7cd966297db4e0c7d0c74fba79
      size: 59551240
    - path: config/config.yaml
      hash: md5
      md5: 63b9b7d6686eb8bf46aeb383a8f75aa7
      size: 812
    - path: src/cnnClassifier/pipeline/stage_04_evaluation.py
      hash: md5
      md5: 18d8a46a52eb6a0e625b1890cfa263c5
      size: 883
    params:
      params.yaml:
        BATCH_SIZE: 16
        IMAGE_SIZE:
        - 224
        - 224
        - 3
    outs:
    - path: scores.json
      hash: md5
      md5: 6d42647f049630678231fb8a7512f6ed
      size: 73
